// !$*UTF8*$!
{
	archiveVersion = 1;
	classes = {
	};
	objectVersion = 46;
	objects = {

/* Begin PBXBuildFile section */
		040D4112177FDA6E00CC755B /* main.c in Sources */ = {isa = PBXBuildFile; fileRef = 040D4111177FDA6E00CC755B /* main.c */; };
		040D4114177FDA6E00CC755B /* BeerSong.1 in CopyFiles */ = {isa = PBXBuildFile; fileRef = 040D4113177FDA6E00CC755B /* BeerSong.1 */; };
/* End PBXBuildFile section */

/* Begin PBXCopyFilesBuildPhase section */
		040D410C177FDA6E00CC755B /* CopyFiles */ = {
			isa = PBXCopyFilesBuildPhase;
			buildActionMask = 2147483647;
			dstPath = /usr/share/man/man1/;
			dstSubfolderSpec = 0;
			files = (
				040D4114177FDA6E00CC755B /* BeerSong.1 in CopyFiles */,
			);
			runOnlyForDeploymentPostprocessing = 1;
		};
/* End PBXCopyFilesBuildPhase section */

/* Begin PBXFileReference section */
		040D410E177FDA6E00CC755B /* BeerSong */ = {isa = PBXFileReference; explicitFileType = "compiled.mach-o.executable"; includeInIndex = 0; path = BeerSong; sourceTree = BUILT_PRODUCTS_DIR; };
		040D4111177FDA6E00CC755B /* main.c */ = {isa = PBXFileReference; lastKnownFileType = sourcecode.c.c; path = main.c; sourceTree = "<group>"; };
		040D4113177FDA6E00CC755B /* BeerSong.1 */ = {isa = PBXFileReference; lastKnownFileType = text.man; path = BeerSong.1; sourceTree = "<group>"; };
/* End PBXFileReference section */

/* Begin PBXFrameworksBuildPhase section */
		040D410B177FDA6E00CC755B /* Frameworks */ = {
			isa = PBXFrameworksBuildPhase;
			buildActionMask = 2147483647;
			files = (
			);
			runOnlyForDeploymentPostprocessing = 0;
		};
/* End PBXFrameworksBuildPhase section */

/* Begin PBXGroup section */
		040D4105177FDA6E00CC755B = {
			isa = PBXGroup;
			children = (
				040D4110177FDA6E00CC755B /* BeerSong */,
				040D410F177FDA6E00CC755B /* Products */,
			);
			sourceTree = "<group>";
		};
		040D410F177FDA6E00CC755B /* Products */ = {
			isa = PBXGroup;
			children = (
				040D410E177FDA6E00CC755B /* BeerSong */,
			);
			name = Products;
			sourceTree = "<group>";
		};
		040D4110177FDA6E00CC755B /* BeerSong */ = {
			isa = PBXGroup;
			children = (
				040D4111177FDA6E00CC755B /* main.c */,
				040D4113177FDA6E00CC755B /* BeerSong.1 */,
			);
			path = BeerSong;
			sourceTree = "<group>";
		};
/* End PBXGroup section */

/* Begin PBXNativeTarget section */
		040D410D177FDA6E00CC755B /* BeerSong */ = {
			isa = PBXNativeTarget;
			buildConfigurationList = 040D4117177FDA6E00CC755B /* Build configuration list for PBXNativeTarget "BeerSong" */;
			buildPhases = (
				040D410A177FDA6E00CC755B /* Sources */,
				040D410B177FDA6E00CC755B /* Frameworks */,
				040D410C177FDA6E00CC755B /* CopyFiles */,
			);
			buildRules = (
			);
			dependencies = (
			);
			name = BeerSong;
			productName = BeerSong;
			productReference = 040D410E177FDA6E00CC755B /* BeerSong */;
			productType = "com.apple.product-type.tool";
		};
/* End PBXNativeTarget section */

/* Begin PBXProject section */
		040D4106177FDA6E00CC755B /* Project object */ = {
			isa = PBXProject;
			attributes = {
				LastUpgradeCheck = 0460;
				ORGANIZATIONNAME = "Matthew Kish";
			};
			buildConfigurationList = 040D4109177FDA6E00CC755B /* Build configuration list for PBXProject "BeerSong" */;
			compatibilityVersion = "Xcode 3.2";
			developmentRegion = English;
			hasScannedForEncodings = 0;
			knownRegions = (
				en,
			);
			mainGroup = 040D4105177FDA6E00CC755B;
			productRefGroup = 040D410F177FDA6E00CC755B /* Products */;
			projectDirPath = "";
			projectRoot = "";
			targets = (
				040D410D177FDA6E00CC755B /* BeerSong */,
			);
		};
/* End PBXProject section */

/* Begin PBXSourcesBuildPhase section */
		040D410A177FDA6E00CC755B /* Sources */ = {
			isa = PBXSourcesBuildPhase;
			buildActionMask = 2147483647;
			files = (
				040D4112177FDA6E00CC755B /* main.c in Sources */,
			);
			runOnlyForDeploymentPostprocessing = 0;
		};
/* End PBXSourcesBuildPhase section */

/* Begin XCBuildConfiguration section */
		040D4115177FDA6E00CC755B /* Debug */ = {
			isa = XCBuildConfiguration;
			buildSettings = {
				ALWAYS_SEARCH_USER_PATHS = NO;
				ARCHS = "$(ARCHS_STANDARD_64_BIT)";
				CLANG_CXX_LANGUAGE_STANDARD = "gnu++0x";
				CLANG_CXX_LIBRARY = "libc++";
				CLANG_WARN_CONSTANT_CONVERSION = YES;
				CLANG_WARN_EMPTY_BODY = YES;
				CLANG_WARN_ENUM_CONVERSION = YES;
				CLANG_WARN_INT_CONVERSION = YES;
				CLANG_WARN__DUPLICATE_METHOD_MATCH = YES;
				COPY_PHASE_STRIP = NO;
				GCC_C_LANGUAGE_STANDARD = gnu99;
				GCC_DYNAMIC_NO_PIC = NO;
				GCC_ENABLE_OBJC_EXCEPTIONS = YES;
				GCC_OPTIMIZATION_LEVEL = 0;
				GCC_PREPROCESSOR_DEFINITIONS = (
					"DEBUG=1",
					"$(inherited)",
				);
				GCC_SYMBOLS_PRIVATE_EXTERN = NO;
				GCC_WARN_64_TO_32_BIT_CONVERSION = YES;
				GCC_WARN_ABOUT_RETURN_TYPE = YES;
				GCC_WARN_UNINITIALIZED_AUTOS = YES;
				GCC_WARN_UNUSED_VARIABLE = YES;
				MACOSX_DEPLOYMENT_TARGET = 10.8;
				ONLY_ACTIVE_ARCH = YES;
				SDKROOT = macosx;
			};
			name = Debug;
		};
		040D4116177FDA6E00CC755B /* Release */ = {
			isa = XCBuildConfiguration;
			buildSettings = {
				ALWAYS_SEARCH_USER_PATHS = NO;
				ARCHS = "$(ARCHS_STANDARD_64_BIT)";
				CLANG_CXX_LANGUAGE_STANDARD = "gnu++0x";
				CLANG_CXX_LIBRARY = "libc++";
				CLANG_WARN_CONSTANT_CONVERSION = YES;
				CLANG_WARN_EMPTY_BODY = YES;
				CLANG_WARN_ENUM_CONVERSION = YES;
				CLANG_WARN_INT_CONVERSION = YES;
				CLANG_WARN__DUPLICATE_METHOD_MATCH = YES;
				COPY_PHASE_STRIP = YES;
				DEBUG_INFORMATION_FORMAT = "dwarf-with-dsym";
				GCC_C_LANGUAGE_STANDARD = gnu99;
				GCC_ENABLE_OBJC_EXCEPTIONS = YES;
				GCC_WARN_64_TO_32_BIT_CONVERSION = YES;
				GCC_WARN_ABOUT_RETURN_TYPE = YES;
				GCC_WARN_UNINITIALIZED_AUTOS = YES;
				GCC_WARN_UNUSED_VARIABLE = YES;
				MACOSX_DEPLOYMENT_TARGET = 10.8;
				SDKROOT = macosx;
			};
			name = Release;
		};
		040D4118177FDA6E00CC755B /* Debug */ = {
			isa = XCBuildConfiguration;
			buildSettings = {
				PRODUCT_NAME = "$(TARGET_NAME)";
			};
			name = Debug;
		};
		040D4119177FDA6E00CC755B /* Release */ = {
			isa = XCBuildConfiguration;
			buildSettings = {
				PRODUCT_NAME = "$(TARGET_NAME)";
			};
			name = Release;
		};
/* End XCBuildConfiguration section */

/* Begin XCConfigurationList section */
		040D4109177FDA6E00CC755B /* Build configuration list for PBXProject "BeerSong" */ = {
			isa = XCConfigurationList;
			buildConfigurations = (
				040D4115177FDA6E00CC755B /* Debug */,
				040D4116177FDA6E00CC755B /* Release */,
			);
			defaultConfigurationIsVisible = 0;
			defaultConfigurationName = Release;
		};
		040D4117177FDA6E00CC755B /* Build configuration list for PBXNativeTarget "BeerSong" */ = {
			isa = XCConfigurationList;
			buildConfigurations = (
				040D4118177FDA6E00CC755B /* Debug */,
				040D4119177FDA6E00CC755B /* Release */,
			);
			defaultConfigurationIsVisible = 0;
		};
/* End XCConfigurationList section */
	};
	rootObject = 040D4106177FDA6E00CC755B /* Project object */;
}
